{
  "nodes": {
    "home-manager": {
      "inputs": {
        "nixpkgs": [
          "nixpkgs"
        ]
      },
      "locked": {
        "lastModified": 1787797243,
        "narHash": "sha256-8+Q7NOB7RPajRjA4pbCDLzqH+MTjnG9x6LUPLfL2joA=",
        "owner": "nix-community",
        "repo": "home-manager",
        "rev": "99c9ec63390f1d8c14d95d9e8b17cc29cfbd4e11",
        "type": "github"
      },
      "original": {
        "owner": "nix-community",
        "repo": "home-manager",
        "type": "github"
      }
    },
    "nixmaster": {
      "locked": {
        "lastModified": 1787850535,
        "narHash": "sha256-GVydMxodMU42FAIjfg6QotI9fDRW6i4N/N5u/gxLOWE=",
        "owner": "nixos",
        "repo": "nixpkgs",
        "rev": "8ce72ebda29538d44884aa6ac9b85434a0da611c",
        "type": "github"
      },
      "original": {
        "owner": "nixos",
        "repo": "nixpkgs",
        "type": "github"
      }
    },
    "nixpkgs": {
      "locked": {
        "lastModified": 1787631388,
        "narHash": "sha256-vMiXptXarfSdJb1Gkc+FYVOAibuBRj7qxGa8z68q1Uw=",
        "owner": "nixos",
        "repo": "nixpkgs",
        "rev": "ac6b2166e7a9375683b8e98f860f273222337b16",
        "type": "github"
      },
      "original": {
        "owner": "nixos",
        "ref": "nixpkgs-unstable",
        "repo": "nixpkgs",
        "type": "github"
      }
    },
    "root": {
      "inputs": {
        "home-manager": "home-manager",
        "nixmaster": "nixmaster",
        "nixpkgs": "nixpkgs",
        "scal": "scal"
      }
    },
    "scal": {
      "locked": {
        "lastModified": 1786301338,
        "narHash": "sha256-Ee9pHS3fYZakIt5ph6m+0djjssjM2sUoo74suFGTVt4=",
        "owner": "schnow265",
        "repo": "scaletto.nix",
        "rev": "d630de8fc6f47fe22364a66b0f0b301ef73a2425",
        "type": "github"
      },
      "original": {
        "owner": "schnow265",
        "repo": "scaletto.nix",
        "type": "github"
      }
    }
  },
  "root": "root",
  "version": 7
}
