{
  "nodes": {
    "home-manager": {
      "inputs": {
        "nixpkgs": [
          "nixpkgs"
        ]
      },
      "locked": {
        "lastModified": 1787379775,
        "narHash": "sha256-XL2qfqmocfsvuEGyomZg4nOZfkuSe8vZtrOX99I+b6I=",
        "owner": "nix-community",
        "repo": "home-manager",
        "rev": "ec1a8fdf74ed3f276148ee106299a2ba0e65d51f",
        "type": "github"
      },
      "original": {
        "owner": "nix-community",
        "repo": "home-manager",
        "type": "github"
      }
    },
    "nixmaster": {
      "locked": {
        "lastModified": 1787678846,
        "narHash": "sha256-YIlsYqL7k4gaYWLcFNn1XIL6vSnxHyFDVSqYYrr0c+0=",
        "owner": "nixos",
        "repo": "nixpkgs",
        "rev": "1bf70c6bc51bf08a1fd340d12a7013117db58e92",
        "type": "github"
      },
      "original": {
        "owner": "nixos",
        "repo": "nixpkgs",
        "type": "github"
      }
    },
    "nixpkgs": {
      "locked": {
        "lastModified": 1787631388,
        "narHash": "sha256-vMiXptXarfSdJb1Gkc+FYVOAibuBRj7qxGa8z68q1Uw=",
        "owner": "nixos",
        "repo": "nixpkgs",
        "rev": "ac6b2166e7a9375683b8e98f860f273222337b16",
        "type": "github"
      },
      "original": {
        "owner": "nixos",
        "ref": "nixpkgs-unstable",
        "repo": "nixpkgs",
        "type": "github"
      }
    },
    "root": {
      "inputs": {
        "home-manager": "home-manager",
        "nixmaster": "nixmaster",
        "nixpkgs": "nixpkgs",
        "scal": "scal"
      }
    },
    "scal": {
      "locked": {
        "lastModified": 1786301338,
        "narHash": "sha256-Ee9pHS3fYZakIt5ph6m+0djjssjM2sUoo74suFGTVt4=",
        "owner": "schnow265",
        "repo": "scaletto.nix",
        "rev": "d630de8fc6f47fe22364a66b0f0b301ef73a2425",
        "type": "github"
      },
      "original": {
        "owner": "schnow265",
        "repo": "scaletto.nix",
        "type": "github"
      }
    }
  },
  "root": "root",
  "version": 7
}
