{
  "nodes": {
    "home-manager": {
      "inputs": {
        "nixpkgs": [
          "nixpkgs"
        ]
      },
      "locked": {
        "lastModified": 1787797243,
        "narHash": "sha256-8+Q7NOB7RPajRjA4pbCDLzqH+MTjnG9x6LUPLfL2joA=",
        "owner": "nix-community",
        "repo": "home-manager",
        "rev": "99c9ec63390f1d8c14d95d9e8b17cc29cfbd4e11",
        "type": "github"
      },
      "original": {
        "owner": "nix-community",
        "repo": "home-manager",
        "type": "github"
      }
    },
    "nixmaster": {
      "locked": {
        "lastModified": 1788068721,
        "narHash": "sha256-1URmpiOS6l6b4rhvhP7/bGLDiMUYFMF40cnZV75qip0=",
        "owner": "nixos",
        "repo": "nixpkgs",
        "rev": "5539c55dee28c8541bc91f4e8e72189e07165548",
        "type": "github"
      },
      "original": {
        "owner": "nixos",
        "repo": "nixpkgs",
        "type": "github"
      }
    },
    "nixpkgs": {
      "locked": {
        "lastModified": 1787964612,
        "narHash": "sha256-0N9nghg3nwzX6b6qc77EzjR9cu/Z+UR66FlfsCqiURs=",
        "owner": "nixos",
        "repo": "nixpkgs",
        "rev": "e8be7818e19ada32105a8af937a6a473b38167ca",
        "type": "github"
      },
      "original": {
        "owner": "nixos",
        "ref": "nixpkgs-unstable",
        "repo": "nixpkgs",
        "type": "github"
      }
    },
    "root": {
      "inputs": {
        "home-manager": "home-manager",
        "nixmaster": "nixmaster",
        "nixpkgs": "nixpkgs",
        "scal": "scal"
      }
    },
    "scal": {
      "locked": {
        "lastModified": 1786301338,
        "narHash": "sha256-Ee9pHS3fYZakIt5ph6m+0djjssjM2sUoo74suFGTVt4=",
        "owner": "schnow265",
        "repo": "scaletto.nix",
        "rev": "d630de8fc6f47fe22364a66b0f0b301ef73a2425",
        "type": "github"
      },
      "original": {
        "owner": "schnow265",
        "repo": "scaletto.nix",
        "type": "github"
      }
    }
  },
  "root": "root",
  "version": 7
}
